
Microsoft Visual Studio Solution File, Format Version 12.00
# Visual Studio Version 17
VisualStudioVersion = 17.11.35312.102
MinimumVisualStudioVersion = 10.0.40219.1
Project("{FAE04EC0-301F-11D3-BF4B-00C04F79EFBC}") = "Student_Crud_Application", "Student_Crud_Application\Student_Crud_Application.csproj", "{59F82B7C-6793-438F-9D0E-0A0EFA9568E7}"
EndProject
Global
	GlobalSection(SolutionConfigurationPlatforms) = preSolution
		Debug|Any CPU = Debug|Any CPU
		Release|Any CPU = Release|Any CPU
	EndGlobalSection
	GlobalSection(ProjectConfigurationPlatforms) = postSolution
		{59F82B7C-6793-438F-9D0E-0A0EFA9568E7}.Debug|Any CPU.ActiveCfg = Debug|Any CPU
		{59F82B7C-6793-438F-9D0E-0A0EFA9568E7}.Debug|Any CPU.Build.0 = Debug|Any CPU
		{59F82B7C-6793-438F-9D0E-0A0EFA9568E7}.Release|Any CPU.ActiveCfg = Release|Any CPU
		{59F82B7C-6793-438F-9D0E-0A0EFA9568E7}.Release|Any CPU.Build.0 = Release|Any CPU
	EndGlobalSection
	GlobalSection(SolutionProperties) = preSolution
		HideSolutionNode = FALSE
	EndGlobalSection
	GlobalSection(ExtensibilityGlobals) = postSolution
		SolutionGuid = {6F3E6F37-862A-4BD3-A13E-C02DBB1E7B1D}
	EndGlobalSection
EndGlobal
